{
  "name": "backend",
  "version": "0.1.0",
  "lockfileVersion": 3,
  "requires": true,
  "packages": {
    "": {
      "name": "backend",
      "version": "0.1.0"
    },
    "node_modules/.deno/keychain@1.5.0/node_modules/keychain": {
      "version": "1.5.0",
      "extraneous": true,
      "license": "MIT",
      "devDependencies": {
        "chai": "^4.3.7",
        "mocha": "^10.2.0"
      }
    }
  }
}
